<?xml version="1.0" encoding="utf-8"?>
<Project ToolsVersion="4.0" xmlns="http://schemas.microsoft.com/developer/msbuild/2003">
  <ItemGroup>
    <Filter Include="源文件">
      <UniqueIdentifier>{4FC737F1-C7A5-4376-A066-2A32D752A2FF}</UniqueIdentifier>
      <Extensions>cpp;c;cc;cxx;def;odl;idl;hpj;bat;asm;asmx</Extensions>
    </Filter>
    <Filter Include="头文件">
      <UniqueIdentifier>{93995380-89BD-4b04-88EB-625FBE52EBFB}</UniqueIdentifier>
      <Extensions>h;hh;hpp;hxx;hm;inl;inc;xsd</Extensions>
    </Filter>
    <Filter Include="资源文件">
      <UniqueIdentifier>{67DA6AB6-F800-4c08-8B7A-83BB121AAD01}</UniqueIdentifier>
      <Extensions>rc;ico;cur;bmp;dlg;rc2;rct;bin;rgs;gif;jpg;jpeg;jpe;resx;tiff;tif;png;wav;mfcribbon-ms</Extensions>
    </Filter>
    <Filter Include="源文件\glad">
      <UniqueIdentifier>{15b05601-f3b8-4a9b-a662-9a0262548459}</UniqueIdentifier>
    </Filter>
  </ItemGroup>
  <ItemGroup>
    <ClCompile Include="src\main.cpp">
      <Filter>源文件</Filter>
    </ClCompile>
    <ClCompile Include="glad\glad.c">
      <Filter>源文件\glad</Filter>
    </ClCompile>
    <ClCompile Include="src\mesh\Mesh.cpp">
      <Filter>源文件</Filter>
    </ClCompile>
    <ClCompile Include="src\mesh\Model.cpp">
      <Filter>源文件</Filter>
    </ClCompile>
    <ClCompile Include="src\tool\texture.cpp">
      <Filter>源文件</Filter>
    </ClCompile>
    <ClCompile Include="src\skybox\Skybox.cpp">
      <Filter>源文件</Filter>
    </ClCompile>
  </ItemGroup>
  <ItemGroup>
    <ClInclude Include="glm\common.hpp">
      <Filter>头文件</Filter>
    </ClInclude>
    <ClInclude Include="glm\exponential.hpp">
      <Filter>头文件</Filter>
    </ClInclude>
    <ClInclude Include="glm\ext.hpp">
      <Filter>头文件</Filter>
    </ClInclude>
    <ClInclude Include="glm\fwd.hpp">
      <Filter>头文件</Filter>
    </ClInclude>
    <ClInclude Include="glm\geometric.hpp">
      <Filter>头文件</Filter>
    </ClInclude>
    <ClInclude Include="glm\glm.hpp">
      <Filter>头文件</Filter>
    </ClInclude>
    <ClInclude Include="glm\gtc\bitfield.hpp">
      <Filter>头文件</Filter>
    </ClInclude>
    <ClInclude Include="glm\gtc\color_space.hpp">
      <Filter>头文件</Filter>
    </ClInclude>
    <ClInclude Include="glm\gtc\constants.hpp">
      <Filter>头文件</Filter>
    </ClInclude>
    <ClInclude Include="glm\gtc\epsilon.hpp">
      <Filter>头文件</Filter>
    </ClInclude>
    <ClInclude Include="glm\gtc\functions.hpp">
      <Filter>头文件</Filter>
    </ClInclude>
    <ClInclude Include="glm\gtc\integer.hpp">
      <Filter>头文件</Filter>
    </ClInclude>
    <ClInclude Include="glm\gtc\matrix_access.hpp">
      <Filter>头文件</Filter>
    </ClInclude>
    <ClInclude Include="glm\gtc\matrix_integer.hpp">
      <Filter>头文件</Filter>
    </ClInclude>
    <ClInclude Include="glm\gtc\matrix_inverse.hpp">
      <Filter>头文件</Filter>
    </ClInclude>
    <ClInclude Include="glm\gtc\matrix_transform.hpp">
      <Filter>头文件</Filter>
    </ClInclude>
    <ClInclude Include="glm\gtc\noise.hpp">
      <Filter>头文件</Filter>
    </ClInclude>
    <ClInclude Include="glm\gtc\packing.hpp">
      <Filter>头文件</Filter>
    </ClInclude>
    <ClInclude Include="glm\gtc\quaternion.hpp">
      <Filter>头文件</Filter>
    </ClInclude>
    <ClInclude Include="glm\gtc\random.hpp">
      <Filter>头文件</Filter>
    </ClInclude>
    <ClInclude Include="glm\gtc\reciprocal.hpp">
      <Filter>头文件</Filter>
    </ClInclude>
    <ClInclude Include="glm\gtc\round.hpp">
      <Filter>头文件</Filter>
    </ClInclude>
    <ClInclude Include="glm\gtc\type_aligned.hpp">
      <Filter>头文件</Filter>
    </ClInclude>
    <ClInclude Include="glm\gtc\type_precision.hpp">
      <Filter>头文件</Filter>
    </ClInclude>
    <ClInclude Include="glm\gtc\type_ptr.hpp">
      <Filter>头文件</Filter>
    </ClInclude>
    <ClInclude Include="glm\gtc\ulp.hpp">
      <Filter>头文件</Filter>
    </ClInclude>
    <ClInclude Include="glm\gtc\vec1.hpp">
      <Filter>头文件</Filter>
    </ClInclude>
    <ClInclude Include="glm\integer.hpp">
      <Filter>头文件</Filter>
    </ClInclude>
    <ClInclude Include="glm\mat2x2.hpp">
      <Filter>头文件</Filter>
    </ClInclude>
    <ClInclude Include="glm\mat2x3.hpp">
      <Filter>头文件</Filter>
    </ClInclude>
    <ClInclude Include="glm\mat2x4.hpp">
      <Filter>头文件</Filter>
    </ClInclude>
    <ClInclude Include="glm\mat3x2.hpp">
      <Filter>头文件</Filter>
    </ClInclude>
    <ClInclude Include="glm\mat3x3.hpp">
      <Filter>头文件</Filter>
    </ClInclude>
    <ClInclude Include="glm\mat3x4.hpp">
      <Filter>头文件</Filter>
    </ClInclude>
    <ClInclude Include="glm\mat4x2.hpp">
      <Filter>头文件</Filter>
    </ClInclude>
    <ClInclude Include="glm\mat4x3.hpp">
      <Filter>头文件</Filter>
    </ClInclude>
    <ClInclude Include="glm\mat4x4.hpp">
      <Filter>头文件</Filter>
    </ClInclude>
    <ClInclude Include="glm\matrix.hpp">
      <Filter>头文件</Filter>
    </ClInclude>
    <ClInclude Include="glm\packing.hpp">
      <Filter>头文件</Filter>
    </ClInclude>
    <ClInclude Include="glm\trigonometric.hpp">
      <Filter>头文件</Filter>
    </ClInclude>
    <ClInclude Include="glm\vec2.hpp">
      <Filter>头文件</Filter>
    </ClInclude>
    <ClInclude Include="glm\vec3.hpp">
      <Filter>头文件</Filter>
    </ClInclude>
    <ClInclude Include="glm\vec4.hpp">
      <Filter>头文件</Filter>
    </ClInclude>
    <ClInclude Include="glm\vector_relational.hpp">
      <Filter>头文件</Filter>
    </ClInclude>
    <ClInclude Include="assimp\DefaultLogger.hpp">
      <Filter>头文件</Filter>
    </ClInclude>
    <ClInclude Include="assimp\Exporter.hpp">
      <Filter>头文件</Filter>
    </ClInclude>
    <ClInclude Include="assimp\Importer.hpp">
      <Filter>头文件</Filter>
    </ClInclude>
    <ClInclude Include="assimp\IOStream.hpp">
      <Filter>头文件</Filter>
    </ClInclude>
    <ClInclude Include="assimp\IOSystem.hpp">
      <Filter>头文件</Filter>
    </ClInclude>
    <ClInclude Include="assimp\Logger.hpp">
      <Filter>头文件</Filter>
    </ClInclude>
    <ClInclude Include="assimp\LogStream.hpp">
      <Filter>头文件</Filter>
    </ClInclude>
    <ClInclude Include="assimp\NullLogger.hpp">
      <Filter>头文件</Filter>
    </ClInclude>
    <ClInclude Include="assimp\ProgressHandler.hpp">
      <Filter>头文件</Filter>
    </ClInclude>
    <ClInclude Include="assimp\ai_assert.h">
      <Filter>头文件</Filter>
    </ClInclude>
    <ClInclude Include="assimp\anim.h">
      <Filter>头文件</Filter>
    </ClInclude>
    <ClInclude Include="assimp\camera.h">
      <Filter>头文件</Filter>
    </ClInclude>
    <ClInclude Include="assimp\cexport.h">
      <Filter>头文件</Filter>
    </ClInclude>
    <ClInclude Include="assimp\cfileio.h">
      <Filter>头文件</Filter>
    </ClInclude>
    <ClInclude Include="assimp\cimport.h">
      <Filter>头文件</Filter>
    </ClInclude>
    <ClInclude Include="assimp\color4.h">
      <Filter>头文件</Filter>
    </ClInclude>
    <ClInclude Include="assimp\DefaultIOStream.h">
      <Filter>头文件</Filter>
    </ClInclude>
    <ClInclude Include="assimp\DefaultIOSystem.h">
      <Filter>头文件</Filter>
    </ClInclude>
    <ClInclude Include="assimp\Defines.h">
      <Filter>头文件</Filter>
    </ClInclude>
    <ClInclude Include="assimp\defs.h">
      <Filter>头文件</Filter>
    </ClInclude>
    <ClInclude Include="assimp\importerdesc.h">
      <Filter>头文件</Filter>
    </ClInclude>
    <ClInclude Include="assimp\light.h">
      <Filter>头文件</Filter>
    </ClInclude>
    <ClInclude Include="assimp\material.h">
      <Filter>头文件</Filter>
    </ClInclude>
    <ClInclude Include="assimp\matrix3x3.h">
      <Filter>头文件</Filter>
    </ClInclude>
    <ClInclude Include="assimp\matrix4x4.h">
      <Filter>头文件</Filter>
    </ClInclude>
    <ClInclude Include="assimp\mesh.h">
      <Filter>头文件</Filter>
    </ClInclude>
    <ClInclude Include="assimp\metadata.h">
      <Filter>头文件</Filter>
    </ClInclude>
    <ClInclude Include="assimp\postprocess.h">
      <Filter>头文件</Filter>
    </ClInclude>
    <ClInclude Include="assimp\quaternion.h">
      <Filter>头文件</Filter>
    </ClInclude>
    <ClInclude Include="assimp\scene.h">
      <Filter>头文件</Filter>
    </ClInclude>
    <ClInclude Include="assimp\SceneCombiner.h">
      <Filter>头文件</Filter>
    </ClInclude>
    <ClInclude Include="assimp\texture.h">
      <Filter>头文件</Filter>
    </ClInclude>
    <ClInclude Include="assimp\types.h">
      <Filter>头文件</Filter>
    </ClInclude>
    <ClInclude Include="assimp\vector2.h">
      <Filter>头文件</Filter>
    </ClInclude>
    <ClInclude Include="assimp\vector3.h">
      <Filter>头文件</Filter>
    </ClInclude>
    <ClInclude Include="assimp\version.h">
      <Filter>头文件</Filter>
    </ClInclude>
    <ClInclude Include="src\mesh\Mesh.h">
      <Filter>头文件</Filter>
    </ClInclude>
    <ClInclude Include="src\mesh\Model.h">
      <Filter>头文件</Filter>
    </ClInclude>
    <ClInclude Include="src\shader\Shader.h">
      <Filter>头文件</Filter>
    </ClInclude>
    <ClInclude Include="src\tool\stb_image.h">
      <Filter>头文件</Filter>
    </ClInclude>
    <ClInclude Include="src\shader\Camera.h">
      <Filter>头文件</Filter>
    </ClInclude>
    <ClInclude Include="src\shader\Shader.hpp">
      <Filter>头文件</Filter>
    </ClInclude>
    <ClInclude Include="src\shader\SHADER_VERTEX_MVP.h">
      <Filter>头文件</Filter>
    </ClInclude>
    <ClInclude Include="src\shader\SHADER_FRAGMENT_TEXTURE.h">
      <Filter>头文件</Filter>
    </ClInclude>
    <ClInclude Include="src\shader\SHADER_OUTLINE.h">
      <Filter>头文件</Filter>
    </ClInclude>
    <ClInclude Include="src\tool\texture.h">
      <Filter>头文件</Filter>
    </ClInclude>
    <ClInclude Include="src\skybox\skybox.h">
      <Filter>头文件</Filter>
    </ClInclude>
    <ClInclude Include="src\shader\SHADER_SKYBOX.h">
      <Filter>头文件</Filter>
    </ClInclude>
    <ClInclude Include="src\shader\SHADER_FRAGMENT_NORMAL.h">
      <Filter>头文件</Filter>
    </ClInclude>
  </ItemGroup>
  <ItemGroup>
    <None Include="glm\gtc\bitfield.inl">
      <Filter>头文件</Filter>
    </None>
    <None Include="glm\gtc\color_encoding.inl">
      <Filter>头文件</Filter>
    </None>
    <None Include="glm\gtc\color_space.inl">
      <Filter>头文件</Filter>
    </None>
    <None Include="glm\gtc\constants.inl">
      <Filter>头文件</Filter>
    </None>
    <None Include="glm\gtc\epsilon.inl">
      <Filter>头文件</Filter>
    </None>
    <None Include="glm\gtc\functions.inl">
      <Filter>头文件</Filter>
    </None>
    <None Include="glm\gtc\integer.inl">
      <Filter>头文件</Filter>
    </None>
    <None Include="glm\gtc\matrix_access.inl">
      <Filter>头文件</Filter>
    </None>
    <None Include="glm\gtc\matrix_inverse.inl">
      <Filter>头文件</Filter>
    </None>
    <None Include="glm\gtc\matrix_transform.inl">
      <Filter>头文件</Filter>
    </None>
    <None Include="glm\gtc\noise.inl">
      <Filter>头文件</Filter>
    </None>
    <None Include="glm\gtc\packing.inl">
      <Filter>头文件</Filter>
    </None>
    <None Include="glm\gtc\quaternion.inl">
      <Filter>头文件</Filter>
    </None>
    <None Include="glm\gtc\quaternion_simd.inl">
      <Filter>头文件</Filter>
    </None>
    <None Include="glm\gtc\random.inl">
      <Filter>头文件</Filter>
    </None>
    <None Include="glm\gtc\reciprocal.inl">
      <Filter>头文件</Filter>
    </None>
    <None Include="glm\gtc\round.inl">
      <Filter>头文件</Filter>
    </None>
    <None Include="glm\gtc\type_precision.inl">
      <Filter>头文件</Filter>
    </None>
    <None Include="glm\gtc\type_ptr.inl">
      <Filter>头文件</Filter>
    </None>
    <None Include="glm\gtc\ulp.inl">
      <Filter>头文件</Filter>
    </None>
    <None Include="glm\gtc\vec1.inl">
      <Filter>头文件</Filter>
    </None>
  </ItemGroup>
  <ItemGroup>
    <Text Include="glm\CMakeLists.txt" />
  </ItemGroup>
</Project>